# THIS IS AN AUTOGENERATED FILE. DO NOT EDIT THIS FILE DIRECTLY.
# yarn lockfile v1


"@clickhouse/client@^0.0.14":
  version "0.0.14"
  resolved "https://registry.yarnpkg.com/@clickhouse/client/-/client-0.0.14.tgz#7f622102e6a8a82d60b82cbfe51a9cbf306cefbb"
  integrity sha512-JkqPN0PhHyvf+jvPiD50LdXtemwJ+GZxDdWs0ysEL1qnVduDyvudzUECSqa29TG6Ho2NUFAEf5XjeUb+dMaT8A==
  dependencies:
    node-abort-controller "^3.0.1"
    uuid "^9.0.0"

node-abort-controller@^3.0.1:
  version "3.1.1"
  resolved "https://registry.yarnpkg.com/node-abort-controller/-/node-abort-controller-3.1.1.tgz#a94377e964a9a37ac3976d848cb5c765833b8548"
  integrity sha512-AGK2yQKIjRuqnc6VkX2Xj5d+QW8xZ87pa1UK6yA6ouUyuxfHuMP6umE5QK7UmTeOAymo+Zx1Fxiuw9rVx8taHQ==

uuid@^9.0.0:
  version "9.0.0"
  resolved "https://registry.yarnpkg.com/uuid/-/uuid-9.0.0.tgz#592f550650024a38ceb0c562f2f6aa435761efb5"
  integrity sha512-MXcSTerfPa4uqyzStbRoTgt5XIe3x5+42+q1sDuy3R5MDk66URdLMOZe5aPX/SQd+kuYAh0FdP/pO28IkQyTeg==
