# THIS IS AN AUTOGENERATED FILE. DO NOT EDIT THIS FILE DIRECTLY.
# yarn lockfile v1


"@types/node@^20.8.10":
  version "20.10.8"
  resolved "https://registry.yarnpkg.com/@types/node/-/node-20.10.8.tgz#f1e223cbde9e25696661d167a5b93a9b2a5d57c7"
  integrity sha512-f8nQs3cLxbAFc00vEU59yf9UyGUftkPaLGfvbVOIDdx2i1b8epBqj2aNGyP19fiyXWvlmZ7qC1XLjAzw/OKIeA==
  dependencies:
    undici-types "~5.26.4"

typescript@^5.2.2:
  version "5.3.3"
  resolved "https://registry.yarnpkg.com/typescript/-/typescript-5.3.3.tgz#b3ce6ba258e72e6305ba66f5c9b452aaee3ffe37"
  integrity sha512-pXWcraxM0uxAS+tN0AG/BF2TyqmHO014Z070UsJ+pFvYuRSq8KH8DmWpnbXe0pEPDHXZV3FcAbJkijJ5oNEnWw==

undici-types@~5.26.4:
  version "5.26.5"
  resolved "https://registry.yarnpkg.com/undici-types/-/undici-types-5.26.5.tgz#bcd539893d00b56e964fd2657a4866b221a65617"
  integrity sha512-JlCMO+ehdEIKqlFxk6IfVoAUVmgz7cU7zD/h9XZ0qzeosSHmUJVOzSQvvYSYWXkFXC+IfLKSIffhv0sVZup6pA==
